{
  "name": "mox-cli",
  "version": "8.0.5",
  "lockfileVersion": 3,
  "requires": true,
  "packages": {
    "": {
      "name": "mox-cli",
      "version": "8.0.5",
      "cpu": [
        "x64",
        "arm64"
      ],
      "hasInstallScript": true,
      "license": "MIT",
      "os": [
        "darwin",
        "linux"
      ],
      "bin": {
        "mox": "mox"
      },
      "devDependencies": {},
      "engines": {
        "node": ">=14.0.0",
        "npm": ">=6.0.0"
      },
      "funding": {
        "type": "github",
        "url": "https://github.com/sponsors/KrishnaGupta653"
      }
    }
  }
}
